// !$*UTF8*$!
{
	archiveVersion = 1;
	classes = {
	};
	objectVersion = 56;
	objects = {

/* Begin PBXBuildFile section */
		861D8A222A79CBB900BBB784 /* RegisterViewController.swift in Sources */ = {isa = PBXBuildFile; fileRef = 861D8A212A79CBB900BBB784 /* RegisterViewController.swift */; };
		861D8A242A79CF4900BBB784 /* RegisterScreen.swift in Sources */ = {isa = PBXBuildFile; fileRef = 861D8A232A79CF4900BBB784 /* RegisterScreen.swift */; };
		864B849F2A62321C0090D29E /* AppDelegate.swift in Sources */ = {isa = PBXBuildFile; fileRef = 864B849E2A62321C0090D29E /* AppDelegate.swift */; };
		864B84A12A62321C0090D29E /* SceneDelegate.swift in Sources */ = {isa = PBXBuildFile; fileRef = 864B84A02A62321C0090D29E /* SceneDelegate.swift */; };
		864B84A32A62321C0090D29E /* LoginViewController.swift in Sources */ = {isa = PBXBuildFile; fileRef = 864B84A22A62321C0090D29E /* LoginViewController.swift */; };
		864B84A82A62321D0090D29E /* Assets.xcassets in Resources */ = {isa = PBXBuildFile; fileRef = 864B84A72A62321D0090D29E /* Assets.xcassets */; };
		864B84AB2A62321D0090D29E /* LaunchScreen.storyboard in Resources */ = {isa = PBXBuildFile; fileRef = 864B84A92A62321D0090D29E /* LaunchScreen.storyboard */; };
		866408482A660F5300FF02C0 /* LoginScreen.swift in Sources */ = {isa = PBXBuildFile; fileRef = 866408472A660F5300FF02C0 /* LoginScreen.swift */; };
		9297A7A476C456427D61E326 /* Pods_LoginViewCode.framework in Frameworks */ = {isa = PBXBuildFile; fileRef = 068EE688925F03393701C195 /* Pods_LoginViewCode.framework */; };
/* End PBXBuildFile section */

/* Begin PBXFileReference section */
		068EE688925F03393701C195 /* Pods_LoginViewCode.framework */ = {isa = PBXFileReference; explicitFileType = wrapper.framework; includeInIndex = 0; path = Pods_LoginViewCode.framework; sourceTree = BUILT_PRODUCTS_DIR; };
		1DB2BEC5DF975E1F00DE8884 /* Pods-LoginViewCode.debug.xcconfig */ = {isa = PBXFileReference; includeInIndex = 1; lastKnownFileType = text.xcconfig; name = "Pods-LoginViewCode.debug.xcconfig"; path = "Target Support Files/Pods-LoginViewCode/Pods-LoginViewCode.debug.xcconfig"; sourceTree = "<group>"; };
		861D8A212A79CBB900BBB784 /* RegisterViewController.swift */ = {isa = PBXFileReference; lastKnownFileType = sourcecode.swift; path = RegisterViewController.swift; sourceTree = "<group>"; };
		861D8A232A79CF4900BBB784 /* RegisterScreen.swift */ = {isa = PBXFileReference; lastKnownFileType = sourcecode.swift; path = RegisterScreen.swift; sourceTree = "<group>"; };
		864B849B2A62321C0090D29E /* LoginViewCode.app */ = {isa = PBXFileReference; explicitFileType = wrapper.application; includeInIndex = 0; path = LoginViewCode.app; sourceTree = BUILT_PRODUCTS_DIR; };
		864B849E2A62321C0090D29E /* AppDelegate.swift */ = {isa = PBXFileReference; lastKnownFileType = sourcecode.swift; path = AppDelegate.swift; sourceTree = "<group>"; };
		864B84A02A62321C0090D29E /* SceneDelegate.swift */ = {isa = PBXFileReference; lastKnownFileType = sourcecode.swift; path = SceneDelegate.swift; sourceTree = "<group>"; };
		864B84A22A62321C0090D29E /* LoginViewController.swift */ = {isa = PBXFileReference; lastKnownFileType = sourcecode.swift; path = LoginViewController.swift; sourceTree = "<group>"; };
		864B84A72A62321D0090D29E /* Assets.xcassets */ = {isa = PBXFileReference; lastKnownFileType = folder.assetcatalog; path = Assets.xcassets; sourceTree = "<group>"; };
		864B84AA2A62321D0090D29E /* Base */ = {isa = PBXFileReference; lastKnownFileType = file.storyboard; name = Base; path = Base.lproj/LaunchScreen.storyboard; sourceTree = "<group>"; };
		864B84AC2A62321D0090D29E /* Info.plist */ = {isa = PBXFileReference; lastKnownFileType = text.plist.xml; path = Info.plist; sourceTree = "<group>"; };
		866408472A660F5300FF02C0 /* LoginScreen.swift */ = {isa = PBXFileReference; lastKnownFileType = sourcecode.swift; path = LoginScreen.swift; sourceTree = "<group>"; };
		AD38C3CF5EDBB05E31A71A58 /* Pods-LoginViewCode.release.xcconfig */ = {isa = PBXFileReference; includeInIndex = 1; lastKnownFileType = text.xcconfig; name = "Pods-LoginViewCode.release.xcconfig"; path = "Target Support Files/Pods-LoginViewCode/Pods-LoginViewCode.release.xcconfig"; sourceTree = "<group>"; };
/* End PBXFileReference section */

/* Begin PBXFrameworksBuildPhase section */
		864B84982A62321C0090D29E /* Frameworks */ = {
			isa = PBXFrameworksBuildPhase;
			buildActionMask = 2147483647;
			files = (
				9297A7A476C456427D61E326 /* Pods_LoginViewCode.framework in Frameworks */,
			);
			runOnlyForDeploymentPostprocessing = 0;
		};
/* End PBXFrameworksBuildPhase section */

/* Begin PBXGroup section */
		33D569F769A133A7C612841E /* Frameworks */ = {
			isa = PBXGroup;
			children = (
				068EE688925F03393701C195 /* Pods_LoginViewCode.framework */,
			);
			name = Frameworks;
			sourceTree = "<group>";
		};
		861D8A1C2A79CA4300BBB784 /* Register */ = {
			isa = PBXGroup;
			children = (
				861D8A1D2A79CA6500BBB784 /* Screen */,
				861D8A1E2A79CA6F00BBB784 /* ViewController */,
			);
			path = Register;
			sourceTree = "<group>";
		};
		861D8A1D2A79CA6500BBB784 /* Screen */ = {
			isa = PBXGroup;
			children = (
				861D8A232A79CF4900BBB784 /* RegisterScreen.swift */,
			);
			path = Screen;
			sourceTree = "<group>";
		};
		861D8A1E2A79CA6F00BBB784 /* ViewController */ = {
			isa = PBXGroup;
			children = (
				861D8A212A79CBB900BBB784 /* RegisterViewController.swift */,
			);
			path = ViewController;
			sourceTree = "<group>";
		};
		864B84922A62321C0090D29E = {
			isa = PBXGroup;
			children = (
				864B849D2A62321C0090D29E /* LoginViewCode */,
				864B849C2A62321C0090D29E /* Products */,
				AF939AD141794EFD913AECC3 /* Pods */,
				33D569F769A133A7C612841E /* Frameworks */,
			);
			sourceTree = "<group>";
		};
		864B849C2A62321C0090D29E /* Products */ = {
			isa = PBXGroup;
			children = (
				864B849B2A62321C0090D29E /* LoginViewCode.app */,
			);
			name = Products;
			sourceTree = "<group>";
		};
		864B849D2A62321C0090D29E /* LoginViewCode */ = {
			isa = PBXGroup;
			children = (
				861D8A1C2A79CA4300BBB784 /* Register */,
				866408442A660E8100FF02C0 /* Login */,
				864B849E2A62321C0090D29E /* AppDelegate.swift */,
				864B84A02A62321C0090D29E /* SceneDelegate.swift */,
				864B84A72A62321D0090D29E /* Assets.xcassets */,
				864B84A92A62321D0090D29E /* LaunchScreen.storyboard */,
				864B84AC2A62321D0090D29E /* Info.plist */,
			);
			path = LoginViewCode;
			sourceTree = "<group>";
		};
		866408442A660E8100FF02C0 /* Login */ = {
			isa = PBXGroup;
			children = (
				866408462A660EDF00FF02C0 /* Screen */,
				866408452A660EAA00FF02C0 /* ViewController */,
			);
			path = Login;
			sourceTree = "<group>";
		};
		866408452A660EAA00FF02C0 /* ViewController */ = {
			isa = PBXGroup;
			children = (
				864B84A22A62321C0090D29E /* LoginViewController.swift */,
			);
			path = ViewController;
			sourceTree = "<group>";
		};
		866408462A660EDF00FF02C0 /* Screen */ = {
			isa = PBXGroup;
			children = (
				866408472A660F5300FF02C0 /* LoginScreen.swift */,
			);
			path = Screen;
			sourceTree = "<group>";
		};
		AF939AD141794EFD913AECC3 /* Pods */ = {
			isa = PBXGroup;
			children = (
				1DB2BEC5DF975E1F00DE8884 /* Pods-LoginViewCode.debug.xcconfig */,
				AD38C3CF5EDBB05E31A71A58 /* Pods-LoginViewCode.release.xcconfig */,
			);
			name = Pods;
			path = Pods;
			sourceTree = "<group>";
		};
/* End PBXGroup section */

/* Begin PBXNativeTarget section */
		864B849A2A62321C0090D29E /* LoginViewCode */ = {
			isa = PBXNativeTarget;
			buildConfigurationList = 864B84AF2A62321D0090D29E /* Build configuration list for PBXNativeTarget "LoginViewCode" */;
			buildPhases = (
				9D545CA14C0E73F86303836D /* [CP] Check Pods Manifest.lock */,
				864B84972A62321C0090D29E /* Sources */,
				864B84982A62321C0090D29E /* Frameworks */,
				864B84992A62321C0090D29E /* Resources */,
				257AD10D66F0DC68C5A7056E /* [CP] Embed Pods Frameworks */,
			);
			buildRules = (
			);
			dependencies = (
			);
			name = LoginViewCode;
			productName = LoginViewCode;
			productReference = 864B849B2A62321C0090D29E /* LoginViewCode.app */;
			productType = "com.apple.product-type.application";
		};
/* End PBXNativeTarget section */

/* Begin PBXProject section */
		864B84932A62321C0090D29E /* Project object */ = {
			isa = PBXProject;
			attributes = {
				BuildIndependentTargetsInParallel = 1;
				LastSwiftUpdateCheck = 1430;
				LastUpgradeCheck = 1430;
				TargetAttributes = {
					864B849A2A62321C0090D29E = {
						CreatedOnToolsVersion = 14.3.1;
					};
				};
			};
			buildConfigurationList = 864B84962A62321C0090D29E /* Build configuration list for PBXProject "LoginViewCode" */;
			compatibilityVersion = "Xcode 14.0";
			developmentRegion = en;
			hasScannedForEncodings = 0;
			knownRegions = (
				en,
				Base,
			);
			mainGroup = 864B84922A62321C0090D29E;
			productRefGroup = 864B849C2A62321C0090D29E /* Products */;
			projectDirPath = "";
			projectRoot = "";
			targets = (
				864B849A2A62321C0090D29E /* LoginViewCode */,
			);
		};
/* End PBXProject section */

/* Begin PBXResourcesBuildPhase section */
		864B84992A62321C0090D29E /* Resources */ = {
			isa = PBXResourcesBuildPhase;
			buildActionMask = 2147483647;
			files = (
				864B84AB2A62321D0090D29E /* LaunchScreen.storyboard in Resources */,
				864B84A82A62321D0090D29E /* Assets.xcassets in Resources */,
			);
			runOnlyForDeploymentPostprocessing = 0;
		};
/* End PBXResourcesBuildPhase section */

/* Begin PBXShellScriptBuildPhase section */
		257AD10D66F0DC68C5A7056E /* [CP] Embed Pods Frameworks */ = {
			isa = PBXShellScriptBuildPhase;
			buildActionMask = 2147483647;
			files = (
			);
			inputFileListPaths = (
				"${PODS_ROOT}/Target Support Files/Pods-LoginViewCode/Pods-LoginViewCode-frameworks-${CONFIGURATION}-input-files.xcfilelist",
			);
			name = "[CP] Embed Pods Frameworks";
			outputFileListPaths = (
				"${PODS_ROOT}/Target Support Files/Pods-LoginViewCode/Pods-LoginViewCode-frameworks-${CONFIGURATION}-output-files.xcfilelist",
			);
			runOnlyForDeploymentPostprocessing = 0;
			shellPath = /bin/sh;
			shellScript = "\"${PODS_ROOT}/Target Support Files/Pods-LoginViewCode/Pods-LoginViewCode-frameworks.sh\"\n";
			showEnvVarsInLog = 0;
		};
		9D545CA14C0E73F86303836D /* [CP] Check Pods Manifest.lock */ = {
			isa = PBXShellScriptBuildPhase;
			buildActionMask = 2147483647;
			files = (
			);
			inputFileListPaths = (
			);
			inputPaths = (
				"${PODS_PODFILE_DIR_PATH}/Podfile.lock",
				"${PODS_ROOT}/Manifest.lock",
			);
			name = "[CP] Check Pods Manifest.lock";
			outputFileListPaths = (
			);
			outputPaths = (
				"$(DERIVED_FILE_DIR)/Pods-LoginViewCode-checkManifestLockResult.txt",
			);
			runOnlyForDeploymentPostprocessing = 0;
			shellPath = /bin/sh;
			shellScript = "diff \"${PODS_PODFILE_DIR_PATH}/Podfile.lock\" \"${PODS_ROOT}/Manifest.lock\" > /dev/null\nif [ $? != 0 ] ; then\n    # print error to STDERR\n    echo \"error: The sandbox is not in sync with the Podfile.lock. Run 'pod install' or update your CocoaPods installation.\" >&2\n    exit 1\nfi\n# This output is used by Xcode 'outputs' to avoid re-running this script phase.\necho \"SUCCESS\" > \"${SCRIPT_OUTPUT_FILE_0}\"\n";
			showEnvVarsInLog = 0;
		};
/* End PBXShellScriptBuildPhase section */

/* Begin PBXSourcesBuildPhase section */
		864B84972A62321C0090D29E /* Sources */ = {
			isa = PBXSourcesBuildPhase;
			buildActionMask = 2147483647;
			files = (
				861D8A242A79CF4900BBB784 /* RegisterScreen.swift in Sources */,
				864B84A32A62321C0090D29E /* LoginViewController.swift in Sources */,
				861D8A222A79CBB900BBB784 /* RegisterViewController.swift in Sources */,
				866408482A660F5300FF02C0 /* LoginScreen.swift in Sources */,
				864B849F2A62321C0090D29E /* AppDelegate.swift in Sources */,
				864B84A12A62321C0090D29E /* SceneDelegate.swift in Sources */,
			);
			runOnlyForDeploymentPostprocessing = 0;
		};
/* End PBXSourcesBuildPhase section */

/* Begin PBXVariantGroup section */
		864B84A92A62321D0090D29E /* LaunchScreen.storyboard */ = {
			isa = PBXVariantGroup;
			children = (
				864B84AA2A62321D0090D29E /* Base */,
			);
			name = LaunchScreen.storyboard;
			sourceTree = "<group>";
		};
/* End PBXVariantGroup section */

/* Begin XCBuildConfiguration section */
		864B84AD2A62321D0090D29E /* Debug */ = {
			isa = XCBuildConfiguration;
			buildSettings = {
				ALWAYS_SEARCH_USER_PATHS = NO;
				CLANG_ANALYZER_NONNULL = YES;
				CLANG_ANALYZER_NUMBER_OBJECT_CONVERSION = YES_AGGRESSIVE;
				CLANG_CXX_LANGUAGE_STANDARD = "gnu++20";
				CLANG_ENABLE_MODULES = YES;
				CLANG_ENABLE_OBJC_ARC = YES;
				CLANG_ENABLE_OBJC_WEAK = YES;
				CLANG_WARN_BLOCK_CAPTURE_AUTORELEASING = YES;
				CLANG_WARN_BOOL_CONVERSION = YES;
				CLANG_WARN_COMMA = YES;
				CLANG_WARN_CONSTANT_CONVERSION = YES;
				CLANG_WARN_DEPRECATED_OBJC_IMPLEMENTATIONS = YES;
				CLANG_WARN_DIRECT_OBJC_ISA_USAGE = YES_ERROR;
				CLANG_WARN_DOCUMENTATION_COMMENTS = YES;
				CLANG_WARN_EMPTY_BODY = YES;
				CLANG_WARN_ENUM_CONVERSION = YES;
				CLANG_WARN_INFINITE_RECURSION = YES;
				CLANG_WARN_INT_CONVERSION = YES;
				CLANG_WARN_NON_LITERAL_NULL_CONVERSION = YES;
				CLANG_WARN_OBJC_IMPLICIT_RETAIN_SELF = YES;
				CLANG_WARN_OBJC_LITERAL_CONVERSION = YES;
				CLANG_WARN_OBJC_ROOT_CLASS = YES_ERROR;
				CLANG_WARN_QUOTED_INCLUDE_IN_FRAMEWORK_HEADER = YES;
				CLANG_WARN_RANGE_LOOP_ANALYSIS = YES;
				CLANG_WARN_STRICT_PROTOTYPES = YES;
				CLANG_WARN_SUSPICIOUS_MOVE = YES;
				CLANG_WARN_UNGUARDED_AVAILABILITY = YES_AGGRESSIVE;
				CLANG_WARN_UNREACHABLE_CODE = YES;
				CLANG_WARN__DUPLICATE_METHOD_MATCH = YES;
				COPY_PHASE_STRIP = NO;
				DEBUG_INFORMATION_FORMAT = dwarf;
				ENABLE_STRICT_OBJC_MSGSEND = YES;
				ENABLE_TESTABILITY = YES;
				GCC_C_LANGUAGE_STANDARD = gnu11;
				GCC_DYNAMIC_NO_PIC = NO;
				GCC_NO_COMMON_BLOCKS = YES;
				GCC_OPTIMIZATION_LEVEL = 0;
				GCC_PREPROCESSOR_DEFINITIONS = (
					"DEBUG=1",
					"$(inherited)",
				);
				GCC_WARN_64_TO_32_BIT_CONVERSION = YES;
				GCC_WARN_ABOUT_RETURN_TYPE = YES_ERROR;
				GCC_WARN_UNDECLARED_SELECTOR = YES;
				GCC_WARN_UNINITIALIZED_AUTOS = YES_AGGRESSIVE;
				GCC_WARN_UNUSED_FUNCTION = YES;
				GCC_WARN_UNUSED_VARIABLE = YES;
				IPHONEOS_DEPLOYMENT_TARGET = 16.4;
				MTL_ENABLE_DEBUG_INFO = INCLUDE_SOURCE;
				MTL_FAST_MATH = YES;
				ONLY_ACTIVE_ARCH = YES;
				SDKROOT = iphoneos;
				SWIFT_ACTIVE_COMPILATION_CONDITIONS = DEBUG;
				SWIFT_OPTIMIZATION_LEVEL = "-Onone";
			};
			name = Debug;
		};
		864B84AE2A62321D0090D29E /* Release */ = {
			isa = XCBuildConfiguration;
			buildSettings = {
				ALWAYS_SEARCH_USER_PATHS = NO;
				CLANG_ANALYZER_NONNULL = YES;
				CLANG_ANALYZER_NUMBER_OBJECT_CONVERSION = YES_AGGRESSIVE;
				CLANG_CXX_LANGUAGE_STANDARD = "gnu++20";
				CLANG_ENABLE_MODULES = YES;
				CLANG_ENABLE_OBJC_ARC = YES;
				CLANG_ENABLE_OBJC_WEAK = YES;
				CLANG_WARN_BLOCK_CAPTURE_AUTORELEASING = YES;
				CLANG_WARN_BOOL_CONVERSION = YES;
				CLANG_WARN_COMMA = YES;
				CLANG_WARN_CONSTANT_CONVERSION = YES;
				CLANG_WARN_DEPRECATED_OBJC_IMPLEMENTATIONS = YES;
				CLANG_WARN_DIRECT_OBJC_ISA_USAGE = YES_ERROR;
				CLANG_WARN_DOCUMENTATION_COMMENTS = YES;
				CLANG_WARN_EMPTY_BODY = YES;
				CLANG_WARN_ENUM_CONVERSION = YES;
				CLANG_WARN_INFINITE_RECURSION = YES;
				CLANG_WARN_INT_CONVERSION = YES;
				CLANG_WARN_NON_LITERAL_NULL_CONVERSION = YES;
				CLANG_WARN_OBJC_IMPLICIT_RETAIN_SELF = YES;
				CLANG_WARN_OBJC_LITERAL_CONVERSION = YES;
				CLANG_WARN_OBJC_ROOT_CLASS = YES_ERROR;
				CLANG_WARN_QUOTED_INCLUDE_IN_FRAMEWORK_HEADER = YES;
				CLANG_WARN_RANGE_LOOP_ANALYSIS = YES;
				CLANG_WARN_STRICT_PROTOTYPES = YES;
				CLANG_WARN_SUSPICIOUS_MOVE = YES;
				CLANG_WARN_UNGUARDED_AVAILABILITY = YES_AGGRESSIVE;
				CLANG_WARN_UNREACHABLE_CODE = YES;
				CLANG_WARN__DUPLICATE_METHOD_MATCH = YES;
				COPY_PHASE_STRIP = NO;
				DEBUG_INFORMATION_FORMAT = "dwarf-with-dsym";
				ENABLE_NS_ASSERTIONS = NO;
				ENABLE_STRICT_OBJC_MSGSEND = YES;
				GCC_C_LANGUAGE_STANDARD = gnu11;
				GCC_NO_COMMON_BLOCKS = YES;
				GCC_WARN_64_TO_32_BIT_CONVERSION = YES;
				GCC_WARN_ABOUT_RETURN_TYPE = YES_ERROR;
				GCC_WARN_UNDECLARED_SELECTOR = YES;
				GCC_WARN_UNINITIALIZED_AUTOS = YES_AGGRESSIVE;
				GCC_WARN_UNUSED_FUNCTION = YES;
				GCC_WARN_UNUSED_VARIABLE = YES;
				IPHONEOS_DEPLOYMENT_TARGET = 16.4;
				MTL_ENABLE_DEBUG_INFO = NO;
				MTL_FAST_MATH = YES;
				SDKROOT = iphoneos;
				SWIFT_COMPILATION_MODE = wholemodule;
				SWIFT_OPTIMIZATION_LEVEL = "-O";
				VALIDATE_PRODUCT = YES;
			};
			name = Release;
		};
		864B84B02A62321D0090D29E /* Debug */ = {
			isa = XCBuildConfiguration;
			baseConfigurationReference = 1DB2BEC5DF975E1F00DE8884 /* Pods-LoginViewCode.debug.xcconfig */;
			buildSettings = {
				ASSETCATALOG_COMPILER_APPICON_NAME = AppIcon;
				ASSETCATALOG_COMPILER_GLOBAL_ACCENT_COLOR_NAME = AccentColor;
				CODE_SIGN_STYLE = Automatic;
				CURRENT_PROJECT_VERSION = 1;
				DEVELOPMENT_TEAM = AZ4UKU4Y6G;
				GENERATE_INFOPLIST_FILE = YES;
				INFOPLIST_FILE = LoginViewCode/Info.plist;
				INFOPLIST_KEY_UIApplicationSupportsIndirectInputEvents = YES;
				INFOPLIST_KEY_UILaunchStoryboardName = LaunchScreen;
				INFOPLIST_KEY_UIMainStoryboardFile = "";
				INFOPLIST_KEY_UISupportedInterfaceOrientations_iPad = "UIInterfaceOrientationPortrait UIInterfaceOrientationPortraitUpsideDown UIInterfaceOrientationLandscapeLeft UIInterfaceOrientationLandscapeRight";
				INFOPLIST_KEY_UISupportedInterfaceOrientations_iPhone = "UIInterfaceOrientationPortrait UIInterfaceOrientationLandscapeLeft UIInterfaceOrientationLandscapeRight";
				LD_RUNPATH_SEARCH_PATHS = (
					"$(inherited)",
					"@executable_path/Frameworks",
				);
				MARKETING_VERSION = 1.0;
				PRODUCT_BUNDLE_IDENTIFIER = JhowVC.LoginViewCode;
				PRODUCT_NAME = "$(TARGET_NAME)";
				SWIFT_EMIT_LOC_STRINGS = YES;
				SWIFT_VERSION = 5.0;
				TARGETED_DEVICE_FAMILY = "1,2";
			};
			name = Debug;
		};
		864B84B12A62321D0090D29E /* Release */ = {
			isa = XCBuildConfiguration;
			baseConfigurationReference = AD38C3CF5EDBB05E31A71A58 /* Pods-LoginViewCode.release.xcconfig */;
			buildSettings = {
				ASSETCATALOG_COMPILER_APPICON_NAME = AppIcon;
				ASSETCATALOG_COMPILER_GLOBAL_ACCENT_COLOR_NAME = AccentColor;
				CODE_SIGN_STYLE = Automatic;
				CURRENT_PROJECT_VERSION = 1;
				DEVELOPMENT_TEAM = AZ4UKU4Y6G;
				GENERATE_INFOPLIST_FILE = YES;
				INFOPLIST_FILE = LoginViewCode/Info.plist;
				INFOPLIST_KEY_UIApplicationSupportsIndirectInputEvents = YES;
				INFOPLIST_KEY_UILaunchStoryboardName = LaunchScreen;
				INFOPLIST_KEY_UIMainStoryboardFile = "";
				INFOPLIST_KEY_UISupportedInterfaceOrientations_iPad = "UIInterfaceOrientationPortrait UIInterfaceOrientationPortraitUpsideDown UIInterfaceOrientationLandscapeLeft UIInterfaceOrientationLandscapeRight";
				INFOPLIST_KEY_UISupportedInterfaceOrientations_iPhone = "UIInterfaceOrientationPortrait UIInterfaceOrientationLandscapeLeft UIInterfaceOrientationLandscapeRight";
				LD_RUNPATH_SEARCH_PATHS = (
					"$(inherited)",
					"@executable_path/Frameworks",
				);
				MARKETING_VERSION = 1.0;
				PRODUCT_BUNDLE_IDENTIFIER = JhowVC.LoginViewCode;
				PRODUCT_NAME = "$(TARGET_NAME)";
				SWIFT_EMIT_LOC_STRINGS = YES;
				SWIFT_VERSION = 5.0;
				TARGETED_DEVICE_FAMILY = "1,2";
			};
			name = Release;
		};
/* End XCBuildConfiguration section */

/* Begin XCConfigurationList section */
		864B84962A62321C0090D29E /* Build configuration list for PBXProject "LoginViewCode" */ = {
			isa = XCConfigurationList;
			buildConfigurations = (
				864B84AD2A62321D0090D29E /* Debug */,
				864B84AE2A62321D0090D29E /* Release */,
			);
			defaultConfigurationIsVisible = 0;
			defaultConfigurationName = Release;
		};
		864B84AF2A62321D0090D29E /* Build configuration list for PBXNativeTarget "LoginViewCode" */ = {
			isa = XCConfigurationList;
			buildConfigurations = (
				864B84B02A62321D0090D29E /* Debug */,
				864B84B12A62321D0090D29E /* Release */,
			);
			defaultConfigurationIsVisible = 0;
			defaultConfigurationName = Release;
		};
/* End XCConfigurationList section */
	};
	rootObject = 864B84932A62321C0090D29E /* Project object */;
}
